// !$*UTF8*$!
{
	archiveVersion = 1;
	classes = {
	};
	objectVersion = 60;
	objects = {

/* Begin PBXBuildFile section */
		A302FDFC2D6E4EFE003FAB98 /* HomeAutomationKit in Frameworks */ = {isa = PBXBuildFile; productRef = A302FDFB2D6E4EFE003FAB98 /* HomeAutomationKit */; };
		A302FDFF2D6E56EA003FAB98 /* LoggingOSLog in Frameworks */ = {isa = PBXBuildFile; productRef = A302FDFE2D6E56EA003FAB98 /* LoggingOSLog */; };
		A302FE042D6E6252003FAB98 /* Logging.swift in Sources */ = {isa = PBXBuildFile; fileRef = A302FE032D6E6250003FAB98 /* Logging.swift */; };
		A3B9B3362EC7C5A900AE2620 /* EntitiesListView.swift in Sources */ = {isa = PBXBuildFile; fileRef = A3B9B3352EC7C5A900AE2620 /* EntitiesListView.swift */; };
		A3BC6BAC2D6916E3001BE1D5 /* Preview Assets.xcassets in Resources */ = {isa = PBXBuildFile; fileRef = A3BC6BA52D6916E3001BE1D5 /* Preview Assets.xcassets */; };
		A3BC6BAD2D6916E3001BE1D5 /* Assets.xcassets in Resources */ = {isa = PBXBuildFile; fileRef = A3BC6B902D6916E3001BE1D5 /* Assets.xcassets */; };
		A3BC6BAE2D6916E3001BE1D5 /* ContentView.swift in Sources */ = {isa = PBXBuildFile; fileRef = A3BC6BA82D6916E3001BE1D5 /* ContentView.swift */; };
		A3BC6BAF2D6916E3001BE1D5 /* SettingsView.swift in Sources */ = {isa = PBXBuildFile; fileRef = A3BC6BA92D6916E3001BE1D5 /* SettingsView.swift */; };
		A3BC6BB02D6916E3001BE1D5 /* CircadianLightView.swift in Sources */ = {isa = PBXBuildFile; fileRef = A3BC6BA72D6916E3001BE1D5 /* CircadianLightView.swift */; };
		A3BC6BB12D6916E3001BE1D5 /* FlowKitAdapterApp.swift in Sources */ = {isa = PBXBuildFile; fileRef = A3BC6BA32D6916E3001BE1D5 /* FlowKitAdapterApp.swift */; };
/* End PBXBuildFile section */

/* Begin PBXFileReference section */
		A302FE032D6E6250003FAB98 /* Logging.swift */ = {isa = PBXFileReference; lastKnownFileType = sourcecode.swift; path = Logging.swift; sourceTree = "<group>"; };
		A326E81D2C06528B00486F8E /* FlowKit Adapter.app */ = {isa = PBXFileReference; explicitFileType = wrapper.application; includeInIndex = 0; path = "FlowKit Adapter.app"; sourceTree = BUILT_PRODUCTS_DIR; };
		A3B9B3352EC7C5A900AE2620 /* EntitiesListView.swift */ = {isa = PBXFileReference; lastKnownFileType = sourcecode.swift; path = EntitiesListView.swift; sourceTree = "<group>"; };
		A3BC6B902D6916E3001BE1D5 /* Assets.xcassets */ = {isa = PBXFileReference; lastKnownFileType = folder.assetcatalog; path = Assets.xcassets; sourceTree = "<group>"; };
		A3BC6BA22D6916E3001BE1D5 /* FlowKitAdapter.entitlements */ = {isa = PBXFileReference; lastKnownFileType = text.plist.entitlements; path = FlowKitAdapter.entitlements; sourceTree = "<group>"; };
		A3BC6BA32D6916E3001BE1D5 /* FlowKitAdapterApp.swift */ = {isa = PBXFileReference; lastKnownFileType = sourcecode.swift; path = FlowKitAdapterApp.swift; sourceTree = "<group>"; };
		A3BC6BA42D6916E3001BE1D5 /* Info.plist */ = {isa = PBXFileReference; lastKnownFileType = text.plist.xml; path = Info.plist; sourceTree = "<group>"; };
		A3BC6BA52D6916E3001BE1D5 /* Preview Assets.xcassets */ = {isa = PBXFileReference; lastKnownFileType = folder.assetcatalog; path = "Preview Assets.xcassets"; sourceTree = "<group>"; };
		A3BC6BA72D6916E3001BE1D5 /* CircadianLightView.swift */ = {isa = PBXFileReference; lastKnownFileType = sourcecode.swift; path = CircadianLightView.swift; sourceTree = "<group>"; };
		A3BC6BA82D6916E3001BE1D5 /* ContentView.swift */ = {isa = PBXFileReference; lastKnownFileType = sourcecode.swift; path = ContentView.swift; sourceTree = "<group>"; };
		A3BC6BA92D6916E3001BE1D5 /* SettingsView.swift */ = {isa = PBXFileReference; lastKnownFileType = sourcecode.swift; path = SettingsView.swift; sourceTree = "<group>"; };
/* End PBXFileReference section */

/* Begin PBXFrameworksBuildPhase section */
		A326E81A2C06528B00486F8E /* Frameworks */ = {
			isa = PBXFrameworksBuildPhase;
			buildActionMask = 2147483647;
			files = (
				A302FDFF2D6E56EA003FAB98 /* LoggingOSLog in Frameworks */,
				A302FDFC2D6E4EFE003FAB98 /* HomeAutomationKit in Frameworks */,
			);
			runOnlyForDeploymentPostprocessing = 0;
		};
/* End PBXFrameworksBuildPhase section */

/* Begin PBXGroup section */
		A326E8142C06528B00486F8E = {
			isa = PBXGroup;
			children = (
				A3BC6B902D6916E3001BE1D5 /* Assets.xcassets */,
				A3BC6B922D6916E3001BE1D5 /* Helper */,
				A3BC6BA22D6916E3001BE1D5 /* FlowKitAdapter.entitlements */,
				A3BC6BA32D6916E3001BE1D5 /* FlowKitAdapterApp.swift */,
				A3BC6BA42D6916E3001BE1D5 /* Info.plist */,
				A3BC6BA62D6916E3001BE1D5 /* Preview Content */,
				A3BC6BAA2D6916E3001BE1D5 /* Views */,
				A326E81E2C06528B00486F8E /* Products */,
			);
			sourceTree = "<group>";
		};
		A326E81E2C06528B00486F8E /* Products */ = {
			isa = PBXGroup;
			children = (
				A326E81D2C06528B00486F8E /* FlowKit Adapter.app */,
			);
			name = Products;
			sourceTree = "<group>";
		};
		A3BC6B922D6916E3001BE1D5 /* Helper */ = {
			isa = PBXGroup;
			children = (
				A302FE032D6E6250003FAB98 /* Logging.swift */,
			);
			path = Helper;
			sourceTree = "<group>";
		};
		A3BC6BA62D6916E3001BE1D5 /* Preview Content */ = {
			isa = PBXGroup;
			children = (
				A3BC6BA52D6916E3001BE1D5 /* Preview Assets.xcassets */,
			);
			path = "Preview Content";
			sourceTree = "<group>";
		};
		A3BC6BAA2D6916E3001BE1D5 /* Views */ = {
			isa = PBXGroup;
			children = (
				A3B9B3352EC7C5A900AE2620 /* EntitiesListView.swift */,
				A3BC6BA72D6916E3001BE1D5 /* CircadianLightView.swift */,
				A3BC6BA82D6916E3001BE1D5 /* ContentView.swift */,
				A3BC6BA92D6916E3001BE1D5 /* SettingsView.swift */,
			);
			path = Views;
			sourceTree = "<group>";
		};
/* End PBXGroup section */

/* Begin PBXNativeTarget section */
		A326E81C2C06528B00486F8E /* FlowKit Adapter */ = {
			isa = PBXNativeTarget;
			buildConfigurationList = A326E8432C06528D00486F8E /* Build configuration list for PBXNativeTarget "FlowKit Adapter" */;
			buildPhases = (
				A326E8192C06528B00486F8E /* Sources */,
				A326E81A2C06528B00486F8E /* Frameworks */,
				A326E81B2C06528B00486F8E /* Resources */,
			);
			buildRules = (
			);
			dependencies = (
			);
			name = "FlowKit Adapter";
			packageProductDependencies = (
				A3CA7DAD2D63BDD90019691F /* HomeAutomationKit */,
				A3EC945C2D63E8870009361C /* HomeAutomationKit */,
				A302FDFB2D6E4EFE003FAB98 /* HomeAutomationKit */,
				A302FDFE2D6E56EA003FAB98 /* LoggingOSLog */,
				A3F9BC7C2D6F99A9002298ED /* HomeAutomationKit */,
			);
			productName = HomeAutomation;
			productReference = A326E81D2C06528B00486F8E /* FlowKit Adapter.app */;
			productType = "com.apple.product-type.application";
		};
/* End PBXNativeTarget section */

/* Begin PBXProject section */
		A326E8152C06528B00486F8E /* Project object */ = {
			isa = PBXProject;
			attributes = {
				BuildIndependentTargetsInParallel = 1;
				LastSwiftUpdateCheck = 1540;
				LastUpgradeCheck = 2610;
				TargetAttributes = {
					A326E81C2C06528B00486F8E = {
						CreatedOnToolsVersion = 15.4;
					};
				};
			};
			buildConfigurationList = A326E8182C06528B00486F8E /* Build configuration list for PBXProject "FlowKit Adapter" */;
			compatibilityVersion = "Xcode 14.0";
			developmentRegion = en;
			hasScannedForEncodings = 0;
			knownRegions = (
				en,
				Base,
			);
			mainGroup = A326E8142C06528B00486F8E;
			packageReferences = (
				A302FDFD2D6E56EA003FAB98 /* XCRemoteSwiftPackageReference "swift-log-oslog" */,
				A3F9BC7B2D6F99A9002298ED /* XCLocalSwiftPackageReference "../.." */,
			);
			productRefGroup = A326E81E2C06528B00486F8E /* Products */;
			projectDirPath = "";
			projectRoot = "";
			targets = (
				A326E81C2C06528B00486F8E /* FlowKit Adapter */,
			);
		};
/* End PBXProject section */

/* Begin PBXResourcesBuildPhase section */
		A326E81B2C06528B00486F8E /* Resources */ = {
			isa = PBXResourcesBuildPhase;
			buildActionMask = 2147483647;
			files = (
				A3BC6BAC2D6916E3001BE1D5 /* Preview Assets.xcassets in Resources */,
				A3BC6BAD2D6916E3001BE1D5 /* Assets.xcassets in Resources */,
			);
			runOnlyForDeploymentPostprocessing = 0;
		};
/* End PBXResourcesBuildPhase section */

/* Begin PBXSourcesBuildPhase section */
		A326E8192C06528B00486F8E /* Sources */ = {
			isa = PBXSourcesBuildPhase;
			buildActionMask = 2147483647;
			files = (
				A3BC6BAE2D6916E3001BE1D5 /* ContentView.swift in Sources */,
				A3B9B3362EC7C5A900AE2620 /* EntitiesListView.swift in Sources */,
				A302FE042D6E6252003FAB98 /* Logging.swift in Sources */,
				A3BC6BAF2D6916E3001BE1D5 /* SettingsView.swift in Sources */,
				A3BC6BB02D6916E3001BE1D5 /* CircadianLightView.swift in Sources */,
				A3BC6BB12D6916E3001BE1D5 /* FlowKitAdapterApp.swift in Sources */,
			);
			runOnlyForDeploymentPostprocessing = 0;
		};
/* End PBXSourcesBuildPhase section */

/* Begin XCBuildConfiguration section */
		A326E8412C06528D00486F8E /* Debug */ = {
			isa = XCBuildConfiguration;
			buildSettings = {
				ALWAYS_SEARCH_USER_PATHS = NO;
				ASSETCATALOG_COMPILER_GENERATE_SWIFT_ASSET_SYMBOL_EXTENSIONS = YES;
				CLANG_ANALYZER_NONNULL = YES;
				CLANG_ANALYZER_NUMBER_OBJECT_CONVERSION = YES_AGGRESSIVE;
				CLANG_CXX_LANGUAGE_STANDARD = "gnu++20";
				CLANG_ENABLE_MODULES = YES;
				CLANG_ENABLE_OBJC_ARC = YES;
				CLANG_ENABLE_OBJC_WEAK = YES;
				CLANG_WARN_BLOCK_CAPTURE_AUTORELEASING = YES;
				CLANG_WARN_BOOL_CONVERSION = YES;
				CLANG_WARN_COMMA = YES;
				CLANG_WARN_CONSTANT_CONVERSION = YES;
				CLANG_WARN_DEPRECATED_OBJC_IMPLEMENTATIONS = YES;
				CLANG_WARN_DIRECT_OBJC_ISA_USAGE = YES_ERROR;
				CLANG_WARN_DOCUMENTATION_COMMENTS = YES;
				CLANG_WARN_EMPTY_BODY = YES;
				CLANG_WARN_ENUM_CONVERSION = YES;
				CLANG_WARN_INFINITE_RECURSION = YES;
				CLANG_WARN_INT_CONVERSION = YES;
				CLANG_WARN_NON_LITERAL_NULL_CONVERSION = YES;
				CLANG_WARN_OBJC_IMPLICIT_RETAIN_SELF = YES;
				CLANG_WARN_OBJC_LITERAL_CONVERSION = YES;
				CLANG_WARN_OBJC_ROOT_CLASS = YES_ERROR;
				CLANG_WARN_QUOTED_INCLUDE_IN_FRAMEWORK_HEADER = YES;
				CLANG_WARN_RANGE_LOOP_ANALYSIS = YES;
				CLANG_WARN_STRICT_PROTOTYPES = YES;
				CLANG_WARN_SUSPICIOUS_MOVE = YES;
				CLANG_WARN_UNGUARDED_AVAILABILITY = YES_AGGRESSIVE;
				CLANG_WARN_UNREACHABLE_CODE = YES;
				CLANG_WARN__DUPLICATE_METHOD_MATCH = YES;
				COPY_PHASE_STRIP = NO;
				DEBUG_INFORMATION_FORMAT = dwarf;
				DEVELOPMENT_TEAM = 87KNVHZ8C7;
				ENABLE_STRICT_OBJC_MSGSEND = YES;
				ENABLE_TESTABILITY = YES;
				ENABLE_USER_SCRIPT_SANDBOXING = YES;
				GCC_C_LANGUAGE_STANDARD = gnu17;
				GCC_DYNAMIC_NO_PIC = NO;
				GCC_NO_COMMON_BLOCKS = YES;
				GCC_OPTIMIZATION_LEVEL = 0;
				GCC_PREPROCESSOR_DEFINITIONS = (
					"DEBUG=1",
					"$(inherited)",
				);
				GCC_WARN_64_TO_32_BIT_CONVERSION = YES;
				GCC_WARN_ABOUT_RETURN_TYPE = YES_ERROR;
				GCC_WARN_UNDECLARED_SELECTOR = YES;
				GCC_WARN_UNINITIALIZED_AUTOS = YES_AGGRESSIVE;
				GCC_WARN_UNUSED_FUNCTION = YES;
				GCC_WARN_UNUSED_VARIABLE = YES;
				IPHONEOS_DEPLOYMENT_TARGET = 17.5;
				LOCALIZATION_PREFERS_STRING_CATALOGS = YES;
				MTL_ENABLE_DEBUG_INFO = INCLUDE_SOURCE;
				MTL_FAST_MATH = YES;
				ONLY_ACTIVE_ARCH = YES;
				SDKROOT = iphoneos;
				STRING_CATALOG_GENERATE_SYMBOLS = YES;
				SWIFT_ACTIVE_COMPILATION_CONDITIONS = "DEBUG $(inherited)";
				SWIFT_OPTIMIZATION_LEVEL = "-Onone";
			};
			name = Debug;
		};
		A326E8422C06528D00486F8E /* Release */ = {
			isa = XCBuildConfiguration;
			buildSettings = {
				ALWAYS_SEARCH_USER_PATHS = NO;
				ASSETCATALOG_COMPILER_GENERATE_SWIFT_ASSET_SYMBOL_EXTENSIONS = YES;
				CLANG_ANALYZER_NONNULL = YES;
				CLANG_ANALYZER_NUMBER_OBJECT_CONVERSION = YES_AGGRESSIVE;
				CLANG_CXX_LANGUAGE_STANDARD = "gnu++20";
				CLANG_ENABLE_MODULES = YES;
				CLANG_ENABLE_OBJC_ARC = YES;
				CLANG_ENABLE_OBJC_WEAK = YES;
				CLANG_WARN_BLOCK_CAPTURE_AUTORELEASING = YES;
				CLANG_WARN_BOOL_CONVERSION = YES;
				CLANG_WARN_COMMA = YES;
				CLANG_WARN_CONSTANT_CONVERSION = YES;
				CLANG_WARN_DEPRECATED_OBJC_IMPLEMENTATIONS = YES;
				CLANG_WARN_DIRECT_OBJC_ISA_USAGE = YES_ERROR;
				CLANG_WARN_DOCUMENTATION_COMMENTS = YES;
				CLANG_WARN_EMPTY_BODY = YES;
				CLANG_WARN_ENUM_CONVERSION = YES;
				CLANG_WARN_INFINITE_RECURSION = YES;
				CLANG_WARN_INT_CONVERSION = YES;
				CLANG_WARN_NON_LITERAL_NULL_CONVERSION = YES;
				CLANG_WARN_OBJC_IMPLICIT_RETAIN_SELF = YES;
				CLANG_WARN_OBJC_LITERAL_CONVERSION = YES;
				CLANG_WARN_OBJC_ROOT_CLASS = YES_ERROR;
				CLANG_WARN_QUOTED_INCLUDE_IN_FRAMEWORK_HEADER = YES;
				CLANG_WARN_RANGE_LOOP_ANALYSIS = YES;
				CLANG_WARN_STRICT_PROTOTYPES = YES;
				CLANG_WARN_SUSPICIOUS_MOVE = YES;
				CLANG_WARN_UNGUARDED_AVAILABILITY = YES_AGGRESSIVE;
				CLANG_WARN_UNREACHABLE_CODE = YES;
				CLANG_WARN__DUPLICATE_METHOD_MATCH = YES;
				COPY_PHASE_STRIP = NO;
				DEBUG_INFORMATION_FORMAT = "dwarf-with-dsym";
				DEVELOPMENT_TEAM = 87KNVHZ8C7;
				ENABLE_NS_ASSERTIONS = NO;
				ENABLE_STRICT_OBJC_MSGSEND = YES;
				ENABLE_USER_SCRIPT_SANDBOXING = YES;
				GCC_C_LANGUAGE_STANDARD = gnu17;
				GCC_NO_COMMON_BLOCKS = YES;
				GCC_WARN_64_TO_32_BIT_CONVERSION = YES;
				GCC_WARN_ABOUT_RETURN_TYPE = YES_ERROR;
				GCC_WARN_UNDECLARED_SELECTOR = YES;
				GCC_WARN_UNINITIALIZED_AUTOS = YES_AGGRESSIVE;
				GCC_WARN_UNUSED_FUNCTION = YES;
				GCC_WARN_UNUSED_VARIABLE = YES;
				IPHONEOS_DEPLOYMENT_TARGET = 17.5;
				LOCALIZATION_PREFERS_STRING_CATALOGS = YES;
				MTL_ENABLE_DEBUG_INFO = NO;
				MTL_FAST_MATH = YES;
				SDKROOT = iphoneos;
				STRING_CATALOG_GENERATE_SYMBOLS = YES;
				SWIFT_COMPILATION_MODE = wholemodule;
				VALIDATE_PRODUCT = YES;
			};
			name = Release;
		};
		A326E8442C06528D00486F8E /* Debug */ = {
			isa = XCBuildConfiguration;
			buildSettings = {
				ASSETCATALOG_COMPILER_APPICON_NAME = AppIcon;
				ASSETCATALOG_COMPILER_GLOBAL_ACCENT_COLOR_NAME = AccentColor;
				CODE_SIGN_ENTITLEMENTS = FlowKitAdapter.entitlements;
				CODE_SIGN_STYLE = Automatic;
				CURRENT_PROJECT_VERSION = 1;
				DEVELOPMENT_ASSET_PATHS = "\"Preview Content\"";
				ENABLE_APP_SANDBOX = YES;
				ENABLE_INCOMING_NETWORK_CONNECTIONS = YES;
				ENABLE_OUTGOING_NETWORK_CONNECTIONS = YES;
				ENABLE_PREVIEWS = YES;
				ENABLE_RESOURCE_ACCESS_LOCATION = YES;
				GENERATE_INFOPLIST_FILE = YES;
				INFOPLIST_FILE = Info.plist;
				INFOPLIST_KEY_CFBundleDisplayName = "FlowKit Adapter";
				INFOPLIST_KEY_LSApplicationCategoryType = "public.app-category.productivity";
				INFOPLIST_KEY_NSHomeKitUsageDescription = "Smart home automations";
				INFOPLIST_KEY_UIApplicationSceneManifest_Generation = YES;
				INFOPLIST_KEY_UIApplicationSupportsIndirectInputEvents = YES;
				INFOPLIST_KEY_UILaunchScreen_Generation = YES;
				INFOPLIST_KEY_UISupportedInterfaceOrientations_iPad = "UIInterfaceOrientationPortrait UIInterfaceOrientationPortraitUpsideDown UIInterfaceOrientationLandscapeLeft UIInterfaceOrientationLandscapeRight";
				INFOPLIST_KEY_UISupportedInterfaceOrientations_iPhone = "UIInterfaceOrientationPortrait UIInterfaceOrientationLandscapeLeft UIInterfaceOrientationLandscapeRight";
				IPHONEOS_DEPLOYMENT_TARGET = 18.0;
				LD_RUNPATH_SEARCH_PATHS = (
					"$(inherited)",
					"@executable_path/Frameworks",
				);
				MARKETING_VERSION = 1.0.0;
				PRODUCT_BUNDLE_IDENTIFIER = de.juliankahnert.HomeKitAdapterApp;
				PRODUCT_NAME = "$(TARGET_NAME)";
				SUPPORTED_PLATFORMS = "iphoneos iphonesimulator";
				SUPPORTS_MACCATALYST = YES;
				SUPPORTS_MAC_DESIGNED_FOR_IPHONE_IPAD = NO;
				SUPPORTS_XR_DESIGNED_FOR_IPHONE_IPAD = NO;
				SWIFT_EMIT_LOC_STRINGS = YES;
				SWIFT_VERSION = 6.0;
				TARGETED_DEVICE_FAMILY = "1,2";
			};
			name = Debug;
		};
		A326E8452C06528D00486F8E /* Release */ = {
			isa = XCBuildConfiguration;
			buildSettings = {
				ASSETCATALOG_COMPILER_APPICON_NAME = AppIcon;
				ASSETCATALOG_COMPILER_GLOBAL_ACCENT_COLOR_NAME = AccentColor;
				CODE_SIGN_ENTITLEMENTS = FlowKitAdapter.entitlements;
				CODE_SIGN_STYLE = Automatic;
				CURRENT_PROJECT_VERSION = 1;
				DEVELOPMENT_ASSET_PATHS = "\"Preview Content\"";
				ENABLE_APP_SANDBOX = YES;
				ENABLE_INCOMING_NETWORK_CONNECTIONS = YES;
				ENABLE_OUTGOING_NETWORK_CONNECTIONS = YES;
				ENABLE_PREVIEWS = YES;
				ENABLE_RESOURCE_ACCESS_LOCATION = YES;
				GENERATE_INFOPLIST_FILE = YES;
				INFOPLIST_FILE = Info.plist;
				INFOPLIST_KEY_CFBundleDisplayName = "FlowKit Adapter";
				INFOPLIST_KEY_LSApplicationCategoryType = "public.app-category.productivity";
				INFOPLIST_KEY_NSHomeKitUsageDescription = "Smart home automations";
				INFOPLIST_KEY_UIApplicationSceneManifest_Generation = YES;
				INFOPLIST_KEY_UIApplicationSupportsIndirectInputEvents = YES;
				INFOPLIST_KEY_UILaunchScreen_Generation = YES;
				INFOPLIST_KEY_UISupportedInterfaceOrientations_iPad = "UIInterfaceOrientationPortrait UIInterfaceOrientationPortraitUpsideDown UIInterfaceOrientationLandscapeLeft UIInterfaceOrientationLandscapeRight";
				INFOPLIST_KEY_UISupportedInterfaceOrientations_iPhone = "UIInterfaceOrientationPortrait UIInterfaceOrientationLandscapeLeft UIInterfaceOrientationLandscapeRight";
				IPHONEOS_DEPLOYMENT_TARGET = 18.0;
				LD_RUNPATH_SEARCH_PATHS = (
					"$(inherited)",
					"@executable_path/Frameworks",
				);
				MARKETING_VERSION = 1.0.0;
				PRODUCT_BUNDLE_IDENTIFIER = de.juliankahnert.HomeKitAdapterApp;
				PRODUCT_NAME = "$(TARGET_NAME)";
				SUPPORTED_PLATFORMS = "iphoneos iphonesimulator";
				SUPPORTS_MACCATALYST = YES;
				SUPPORTS_MAC_DESIGNED_FOR_IPHONE_IPAD = NO;
				SUPPORTS_XR_DESIGNED_FOR_IPHONE_IPAD = NO;
				SWIFT_EMIT_LOC_STRINGS = YES;
				SWIFT_VERSION = 6.0;
				TARGETED_DEVICE_FAMILY = "1,2";
			};
			name = Release;
		};
/* End XCBuildConfiguration section */

/* Begin XCConfigurationList section */
		A326E8182C06528B00486F8E /* Build configuration list for PBXProject "FlowKit Adapter" */ = {
			isa = XCConfigurationList;
			buildConfigurations = (
				A326E8412C06528D00486F8E /* Debug */,
				A326E8422C06528D00486F8E /* Release */,
			);
			defaultConfigurationIsVisible = 0;
			defaultConfigurationName = Release;
		};
		A326E8432C06528D00486F8E /* Build configuration list for PBXNativeTarget "FlowKit Adapter" */ = {
			isa = XCConfigurationList;
			buildConfigurations = (
				A326E8442C06528D00486F8E /* Debug */,
				A326E8452C06528D00486F8E /* Release */,
			);
			defaultConfigurationIsVisible = 0;
			defaultConfigurationName = Release;
		};
/* End XCConfigurationList section */

/* Begin XCLocalSwiftPackageReference section */
		A3F9BC7B2D6F99A9002298ED /* XCLocalSwiftPackageReference "../.." */ = {
			isa = XCLocalSwiftPackageReference;
			relativePath = ../..;
		};
/* End XCLocalSwiftPackageReference section */

/* Begin XCRemoteSwiftPackageReference section */
		A302FDFD2D6E56EA003FAB98 /* XCRemoteSwiftPackageReference "swift-log-oslog" */ = {
			isa = XCRemoteSwiftPackageReference;
			repositoryURL = "https://github.com/chrisaljoudi/swift-log-oslog.git";
			requirement = {
				kind = upToNextMajorVersion;
				minimumVersion = 0.2.2;
			};
		};
/* End XCRemoteSwiftPackageReference section */

/* Begin XCSwiftPackageProductDependency section */
		A302FDFB2D6E4EFE003FAB98 /* HomeAutomationKit */ = {
			isa = XCSwiftPackageProductDependency;
			productName = HomeAutomationKit;
		};
		A302FDFE2D6E56EA003FAB98 /* LoggingOSLog */ = {
			isa = XCSwiftPackageProductDependency;
			package = A302FDFD2D6E56EA003FAB98 /* XCRemoteSwiftPackageReference "swift-log-oslog" */;
			productName = LoggingOSLog;
		};
		A3CA7DAD2D63BDD90019691F /* HomeAutomationKit */ = {
			isa = XCSwiftPackageProductDependency;
			productName = HomeAutomationKit;
		};
		A3EC945C2D63E8870009361C /* HomeAutomationKit */ = {
			isa = XCSwiftPackageProductDependency;
			productName = HomeAutomationKit;
		};
		A3F9BC7C2D6F99A9002298ED /* HomeAutomationKit */ = {
			isa = XCSwiftPackageProductDependency;
			productName = HomeAutomationKit;
		};
/* End XCSwiftPackageProductDependency section */
	};
	rootObject = A326E8152C06528B00486F8E /* Project object */;
}
