// !$*UTF8*$!
{
	archiveVersion = 1;
	classes = {
	};
	objectVersion = 77;
	objects = {

/* Begin PBXBuildFile section */
		A3B8A0952D6A8468009314DA /* FlowKitControllerApp.swift in Sources */ = {isa = PBXBuildFile; fileRef = A3B8A0912D6A8468009314DA /* FlowKitControllerApp.swift */; };
		A3B8A0962D6A8468009314DA /* Preview Assets.xcassets in Resources */ = {isa = PBXBuildFile; fileRef = A3B8A0922D6A8468009314DA /* Preview Assets.xcassets */; };
		A3B8A0972D6A8468009314DA /* Assets.xcassets in Resources */ = {isa = PBXBuildFile; fileRef = A3B8A08E2D6A8468009314DA /* Assets.xcassets */; };
		A3BA51482D78D0EC002DD924 /* Logging in Frameworks */ = {isa = PBXBuildFile; productRef = A3BA51472D78D0EC002DD924 /* Logging */; };
		A3BA515C2D798A69002DD924 /* WidgetKit.framework in Frameworks */ = {isa = PBXBuildFile; fileRef = A3BA515B2D798A69002DD924 /* WidgetKit.framework */; };
		A3BA515E2D798A69002DD924 /* SwiftUI.framework in Frameworks */ = {isa = PBXBuildFile; fileRef = A3BA515D2D798A69002DD924 /* SwiftUI.framework */; };
		A3BA516C2D798A6A002DD924 /* FlowKit Controller WidgetExtensionExtension.appex in Embed Foundation Extensions */ = {isa = PBXBuildFile; fileRef = A3BA51592D798A69002DD924 /* FlowKit Controller WidgetExtensionExtension.appex */; settings = {ATTRIBUTES = (RemoveHeadersOnCopy, ); }; };
		A3E34F212D7B1DDC002B0C63 /* LoggingOSLog in Frameworks */ = {isa = PBXBuildFile; productRef = A3E34F202D7B1DDC002B0C63 /* LoggingOSLog */; };
		A3E34F262D7B1E87002B0C63 /* HomeAutomationKit in Frameworks */ = {isa = PBXBuildFile; productRef = A3E34F252D7B1E87002B0C63 /* HomeAutomationKit */; };
		A3E34F282D7B1E9D002B0C63 /* HomeAutomationKit in Frameworks */ = {isa = PBXBuildFile; productRef = A3E34F272D7B1E9D002B0C63 /* HomeAutomationKit */; };
		A3F9BC802D6FA547002298ED /* HomeAutomationKit in Frameworks */ = {isa = PBXBuildFile; productRef = A3F9BC7F2D6FA547002298ED /* HomeAutomationKit */; };
/* End PBXBuildFile section */

/* Begin PBXContainerItemProxy section */
		A3BA516A2D798A6A002DD924 /* PBXContainerItemProxy */ = {
			isa = PBXContainerItemProxy;
			containerPortal = A3ECEDA92D6A841D00E56665 /* Project object */;
			proxyType = 1;
			remoteGlobalIDString = A3BA51582D798A69002DD924;
			remoteInfo = "FlowKit Controller WidgetExtensionExtension";
		};
/* End PBXContainerItemProxy section */

/* Begin PBXCopyFilesBuildPhase section */
		A3BA51712D798A6A002DD924 /* Embed Foundation Extensions */ = {
			isa = PBXCopyFilesBuildPhase;
			buildActionMask = 2147483647;
			dstPath = "";
			dstSubfolderSpec = 13;
			files = (
				A3BA516C2D798A6A002DD924 /* FlowKit Controller WidgetExtensionExtension.appex in Embed Foundation Extensions */,
			);
			name = "Embed Foundation Extensions";
			runOnlyForDeploymentPostprocessing = 0;
		};
/* End PBXCopyFilesBuildPhase section */

/* Begin PBXFileReference section */
		A3B8A08E2D6A8468009314DA /* Assets.xcassets */ = {isa = PBXFileReference; lastKnownFileType = folder.assetcatalog; path = Assets.xcassets; sourceTree = "<group>"; };
		A3B8A0902D6A8468009314DA /* FlowKitController.entitlements */ = {isa = PBXFileReference; lastKnownFileType = text.plist.entitlements; path = FlowKitController.entitlements; sourceTree = "<group>"; };
		A3B8A0912D6A8468009314DA /* FlowKitControllerApp.swift */ = {isa = PBXFileReference; lastKnownFileType = sourcecode.swift; path = FlowKitControllerApp.swift; sourceTree = "<group>"; };
		A3B8A0922D6A8468009314DA /* Preview Assets.xcassets */ = {isa = PBXFileReference; lastKnownFileType = folder.assetcatalog; path = "Preview Assets.xcassets"; sourceTree = "<group>"; };
		A3BA51592D798A69002DD924 /* FlowKit Controller WidgetExtensionExtension.appex */ = {isa = PBXFileReference; explicitFileType = "wrapper.app-extension"; includeInIndex = 0; path = "FlowKit Controller WidgetExtensionExtension.appex"; sourceTree = BUILT_PRODUCTS_DIR; };
		A3BA515B2D798A69002DD924 /* WidgetKit.framework */ = {isa = PBXFileReference; lastKnownFileType = wrapper.framework; name = WidgetKit.framework; path = System/Library/Frameworks/WidgetKit.framework; sourceTree = SDKROOT; };
		A3BA515D2D798A69002DD924 /* SwiftUI.framework */ = {isa = PBXFileReference; lastKnownFileType = wrapper.framework; name = SwiftUI.framework; path = System/Library/Frameworks/SwiftUI.framework; sourceTree = SDKROOT; };
		A3BF51EF2D6FB82B0034254A /* FlowKit Controller-Info.plist */ = {isa = PBXFileReference; lastKnownFileType = text.plist.xml; path = "FlowKit Controller-Info.plist"; sourceTree = "<group>"; };
		A3ECEDB12D6A841D00E56665 /* FlowKit Controller.app */ = {isa = PBXFileReference; explicitFileType = wrapper.application; includeInIndex = 0; path = "FlowKit Controller.app"; sourceTree = BUILT_PRODUCTS_DIR; };
/* End PBXFileReference section */

/* Begin PBXFileSystemSynchronizedBuildFileExceptionSet section */
		A3BA516D2D798A6A002DD924 /* Exceptions for "FlowKit Controller WidgetExtension" folder in "FlowKit Controller WidgetExtensionExtension" target */ = {
			isa = PBXFileSystemSynchronizedBuildFileExceptionSet;
			membershipExceptions = (
				Info.plist,
			);
			target = A3BA51582D798A69002DD924 /* FlowKit Controller WidgetExtensionExtension */;
		};
/* End PBXFileSystemSynchronizedBuildFileExceptionSet section */

/* Begin PBXFileSystemSynchronizedRootGroup section */
		A3BA515F2D798A69002DD924 /* FlowKit Controller WidgetExtension */ = {
			isa = PBXFileSystemSynchronizedRootGroup;
			exceptions = (
				A3BA516D2D798A6A002DD924 /* Exceptions for "FlowKit Controller WidgetExtension" folder in "FlowKit Controller WidgetExtensionExtension" target */,
			);
			path = "FlowKit Controller WidgetExtension";
			sourceTree = "<group>";
		};
/* End PBXFileSystemSynchronizedRootGroup section */

/* Begin PBXFrameworksBuildPhase section */
		A3BA51562D798A69002DD924 /* Frameworks */ = {
			isa = PBXFrameworksBuildPhase;
			buildActionMask = 2147483647;
			files = (
				A3BA515E2D798A69002DD924 /* SwiftUI.framework in Frameworks */,
				A3BA515C2D798A69002DD924 /* WidgetKit.framework in Frameworks */,
				A3E34F282D7B1E9D002B0C63 /* HomeAutomationKit in Frameworks */,
			);
			runOnlyForDeploymentPostprocessing = 0;
		};
		A3ECEDAE2D6A841D00E56665 /* Frameworks */ = {
			isa = PBXFrameworksBuildPhase;
			buildActionMask = 2147483647;
			files = (
				A3E34F212D7B1DDC002B0C63 /* LoggingOSLog in Frameworks */,
				A3BA51482D78D0EC002DD924 /* Logging in Frameworks */,
				A3F9BC802D6FA547002298ED /* HomeAutomationKit in Frameworks */,
				A3E34F262D7B1E87002B0C63 /* HomeAutomationKit in Frameworks */,
			);
			runOnlyForDeploymentPostprocessing = 0;
		};
/* End PBXFrameworksBuildPhase section */

/* Begin PBXGroup section */
		A3714AEF2D778077006E340F /* App */ = {
			isa = PBXGroup;
			children = (
				A3B8A0912D6A8468009314DA /* FlowKitControllerApp.swift */,
			);
			path = App;
			sourceTree = "<group>";
		};
		A3B8A0932D6A8468009314DA /* Preview Content */ = {
			isa = PBXGroup;
			children = (
				A3B8A0922D6A8468009314DA /* Preview Assets.xcassets */,
			);
			path = "Preview Content";
			sourceTree = "<group>";
		};
		A3BA515A2D798A69002DD924 /* Frameworks */ = {
			isa = PBXGroup;
			children = (
				A3BA515B2D798A69002DD924 /* WidgetKit.framework */,
				A3BA515D2D798A69002DD924 /* SwiftUI.framework */,
			);
			name = Frameworks;
			sourceTree = "<group>";
		};
		A3ECEDA82D6A841D00E56665 = {
			isa = PBXGroup;
			children = (
				A3BF51EF2D6FB82B0034254A /* FlowKit Controller-Info.plist */,
				A3B8A08E2D6A8468009314DA /* Assets.xcassets */,
				A3B8A0902D6A8468009314DA /* FlowKitController.entitlements */,
				A3714AEF2D778077006E340F /* App */,
				A3B8A0932D6A8468009314DA /* Preview Content */,
				A3BA515F2D798A69002DD924 /* FlowKit Controller WidgetExtension */,
				A3BA515A2D798A69002DD924 /* Frameworks */,
				A3ECEDB22D6A841D00E56665 /* Products */,
			);
			sourceTree = "<group>";
		};
		A3ECEDB22D6A841D00E56665 /* Products */ = {
			isa = PBXGroup;
			children = (
				A3ECEDB12D6A841D00E56665 /* FlowKit Controller.app */,
				A3BA51592D798A69002DD924 /* FlowKit Controller WidgetExtensionExtension.appex */,
			);
			name = Products;
			sourceTree = "<group>";
		};
/* End PBXGroup section */

/* Begin PBXNativeTarget section */
		A3BA51582D798A69002DD924 /* FlowKit Controller WidgetExtensionExtension */ = {
			isa = PBXNativeTarget;
			buildConfigurationList = A3BA516E2D798A6A002DD924 /* Build configuration list for PBXNativeTarget "FlowKit Controller WidgetExtensionExtension" */;
			buildPhases = (
				A3BA51552D798A69002DD924 /* Sources */,
				A3BA51562D798A69002DD924 /* Frameworks */,
				A3BA51572D798A69002DD924 /* Resources */,
			);
			buildRules = (
			);
			dependencies = (
			);
			fileSystemSynchronizedGroups = (
				A3BA515F2D798A69002DD924 /* FlowKit Controller WidgetExtension */,
			);
			name = "FlowKit Controller WidgetExtensionExtension";
			packageProductDependencies = (
				A3E34F272D7B1E9D002B0C63 /* HomeAutomationKit */,
			);
			productName = "FlowKit Controller WidgetExtensionExtension";
			productReference = A3BA51592D798A69002DD924 /* FlowKit Controller WidgetExtensionExtension.appex */;
			productType = "com.apple.product-type.app-extension";
		};
		A3ECEDB02D6A841D00E56665 /* FlowKit Controller */ = {
			isa = PBXNativeTarget;
			buildConfigurationList = A3ECEDC02D6A841E00E56665 /* Build configuration list for PBXNativeTarget "FlowKit Controller" */;
			buildPhases = (
				A3ECEDAD2D6A841D00E56665 /* Sources */,
				A3ECEDAE2D6A841D00E56665 /* Frameworks */,
				A3ECEDAF2D6A841D00E56665 /* Resources */,
				A3BA51712D798A6A002DD924 /* Embed Foundation Extensions */,
			);
			buildRules = (
			);
			dependencies = (
				A3BA516B2D798A6A002DD924 /* PBXTargetDependency */,
			);
			name = "FlowKit Controller";
			packageProductDependencies = (
				A3F9BC7F2D6FA547002298ED /* HomeAutomationKit */,
				A3BA51472D78D0EC002DD924 /* Logging */,
				A3E34F202D7B1DDC002B0C63 /* LoggingOSLog */,
				A3E34F252D7B1E87002B0C63 /* HomeAutomationKit */,
			);
			productName = HomeAutomation;
			productReference = A3ECEDB12D6A841D00E56665 /* FlowKit Controller.app */;
			productType = "com.apple.product-type.application";
		};
/* End PBXNativeTarget section */

/* Begin PBXProject section */
		A3ECEDA92D6A841D00E56665 /* Project object */ = {
			isa = PBXProject;
			attributes = {
				BuildIndependentTargetsInParallel = 1;
				LastSwiftUpdateCheck = 1620;
				LastUpgradeCheck = 2610;
				TargetAttributes = {
					A3BA51582D798A69002DD924 = {
						CreatedOnToolsVersion = 16.2;
					};
					A3ECEDB02D6A841D00E56665 = {
						CreatedOnToolsVersion = 16.2;
						LastSwiftMigration = 1620;
					};
				};
			};
			buildConfigurationList = A3ECEDAC2D6A841D00E56665 /* Build configuration list for PBXProject "FlowKit Controller" */;
			developmentRegion = en;
			hasScannedForEncodings = 0;
			knownRegions = (
				en,
				Base,
			);
			mainGroup = A3ECEDA82D6A841D00E56665;
			minimizedProjectReferenceProxies = 1;
			packageReferences = (
				A3BA51462D78D0EC002DD924 /* XCRemoteSwiftPackageReference "swift-log" */,
				A3E34F1F2D7B1DDC002B0C63 /* XCRemoteSwiftPackageReference "swift-log-oslog" */,
				A3E34F242D7B1E87002B0C63 /* XCLocalSwiftPackageReference "../.." */,
			);
			preferredProjectObjectVersion = 77;
			productRefGroup = A3ECEDB22D6A841D00E56665 /* Products */;
			projectDirPath = "";
			projectRoot = "";
			targets = (
				A3ECEDB02D6A841D00E56665 /* FlowKit Controller */,
				A3BA51582D798A69002DD924 /* FlowKit Controller WidgetExtensionExtension */,
			);
		};
/* End PBXProject section */

/* Begin PBXResourcesBuildPhase section */
		A3BA51572D798A69002DD924 /* Resources */ = {
			isa = PBXResourcesBuildPhase;
			buildActionMask = 2147483647;
			files = (
			);
			runOnlyForDeploymentPostprocessing = 0;
		};
		A3ECEDAF2D6A841D00E56665 /* Resources */ = {
			isa = PBXResourcesBuildPhase;
			buildActionMask = 2147483647;
			files = (
				A3B8A0962D6A8468009314DA /* Preview Assets.xcassets in Resources */,
				A3B8A0972D6A8468009314DA /* Assets.xcassets in Resources */,
			);
			runOnlyForDeploymentPostprocessing = 0;
		};
/* End PBXResourcesBuildPhase section */

/* Begin PBXSourcesBuildPhase section */
		A3BA51552D798A69002DD924 /* Sources */ = {
			isa = PBXSourcesBuildPhase;
			buildActionMask = 2147483647;
			files = (
			);
			runOnlyForDeploymentPostprocessing = 0;
		};
		A3ECEDAD2D6A841D00E56665 /* Sources */ = {
			isa = PBXSourcesBuildPhase;
			buildActionMask = 2147483647;
			files = (
				A3B8A0952D6A8468009314DA /* FlowKitControllerApp.swift in Sources */,
			);
			runOnlyForDeploymentPostprocessing = 0;
		};
/* End PBXSourcesBuildPhase section */

/* Begin PBXTargetDependency section */
		A3BA516B2D798A6A002DD924 /* PBXTargetDependency */ = {
			isa = PBXTargetDependency;
			target = A3BA51582D798A69002DD924 /* FlowKit Controller WidgetExtensionExtension */;
			targetProxy = A3BA516A2D798A6A002DD924 /* PBXContainerItemProxy */;
		};
/* End PBXTargetDependency section */

/* Begin XCBuildConfiguration section */
		A3BA516F2D798A6A002DD924 /* Debug */ = {
			isa = XCBuildConfiguration;
			buildSettings = {
				ASSETCATALOG_COMPILER_GLOBAL_ACCENT_COLOR_NAME = AccentColor;
				ASSETCATALOG_COMPILER_WIDGET_BACKGROUND_COLOR_NAME = WidgetBackground;
				CODE_SIGN_ENTITLEMENTS = "FlowKit Controller WidgetExtension/FlowKit_Controller_WidgetExtension.entitlements";
				CODE_SIGN_IDENTITY = "Apple Development";
				CODE_SIGN_STYLE = Automatic;
				CURRENT_PROJECT_VERSION = 1;
				DEAD_CODE_STRIPPING = YES;
				ENABLE_HARDENED_RUNTIME = YES;
				GENERATE_INFOPLIST_FILE = YES;
				INFOPLIST_FILE = "FlowKit Controller WidgetExtension/Info.plist";
				INFOPLIST_KEY_CFBundleDisplayName = "FlowKit Controller WidgetExtension";
				INFOPLIST_KEY_NSHumanReadableCopyright = "";
				LD_RUNPATH_SEARCH_PATHS = (
					"$(inherited)",
					"@executable_path/../Frameworks",
					"@executable_path/../../../../Frameworks",
				);
				MACOSX_DEPLOYMENT_TARGET = 15.2;
				MARKETING_VERSION = 1.0.0;
				PRODUCT_BUNDLE_IDENTIFIER = de.juliankahnert.HomeAutomation.WidgetExtension;
				PRODUCT_NAME = "$(TARGET_NAME)";
				PROVISIONING_PROFILE_SPECIFIER = "";
				SDKROOT = macosx;
				SKIP_INSTALL = YES;
				SUPPORTED_PLATFORMS = "iphoneos iphonesimulator macosx";
				SUPPORTS_MACCATALYST = NO;
				SWIFT_EMIT_LOC_STRINGS = YES;
				SWIFT_VERSION = 5.0;
				TARGETED_DEVICE_FAMILY = 1;
			};
			name = Debug;
		};
		A3BA51702D798A6A002DD924 /* Release */ = {
			isa = XCBuildConfiguration;
			buildSettings = {
				ASSETCATALOG_COMPILER_GLOBAL_ACCENT_COLOR_NAME = AccentColor;
				ASSETCATALOG_COMPILER_WIDGET_BACKGROUND_COLOR_NAME = WidgetBackground;
				CODE_SIGN_ENTITLEMENTS = "FlowKit Controller WidgetExtension/FlowKit_Controller_WidgetExtension.entitlements";
				CODE_SIGN_IDENTITY = "Apple Development";
				CODE_SIGN_STYLE = Automatic;
				CURRENT_PROJECT_VERSION = 1;
				DEAD_CODE_STRIPPING = YES;
				ENABLE_HARDENED_RUNTIME = YES;
				GENERATE_INFOPLIST_FILE = YES;
				INFOPLIST_FILE = "FlowKit Controller WidgetExtension/Info.plist";
				INFOPLIST_KEY_CFBundleDisplayName = "FlowKit Controller WidgetExtension";
				INFOPLIST_KEY_NSHumanReadableCopyright = "";
				LD_RUNPATH_SEARCH_PATHS = (
					"$(inherited)",
					"@executable_path/../Frameworks",
					"@executable_path/../../../../Frameworks",
				);
				MACOSX_DEPLOYMENT_TARGET = 15.2;
				MARKETING_VERSION = 1.0.0;
				PRODUCT_BUNDLE_IDENTIFIER = de.juliankahnert.HomeAutomation.WidgetExtension;
				PRODUCT_NAME = "$(TARGET_NAME)";
				PROVISIONING_PROFILE_SPECIFIER = "";
				SDKROOT = macosx;
				SKIP_INSTALL = YES;
				SUPPORTED_PLATFORMS = "iphoneos iphonesimulator macosx";
				SUPPORTS_MACCATALYST = NO;
				SWIFT_EMIT_LOC_STRINGS = YES;
				SWIFT_VERSION = 5.0;
				TARGETED_DEVICE_FAMILY = 1;
			};
			name = Release;
		};
		A3ECEDBE2D6A841E00E56665 /* Debug */ = {
			isa = XCBuildConfiguration;
			buildSettings = {
				ALWAYS_SEARCH_USER_PATHS = NO;
				ASSETCATALOG_COMPILER_GENERATE_SWIFT_ASSET_SYMBOL_EXTENSIONS = YES;
				CLANG_ANALYZER_NONNULL = YES;
				CLANG_ANALYZER_NUMBER_OBJECT_CONVERSION = YES_AGGRESSIVE;
				CLANG_CXX_LANGUAGE_STANDARD = "gnu++20";
				CLANG_ENABLE_MODULES = YES;
				CLANG_ENABLE_OBJC_ARC = YES;
				CLANG_ENABLE_OBJC_WEAK = YES;
				CLANG_WARN_BLOCK_CAPTURE_AUTORELEASING = YES;
				CLANG_WARN_BOOL_CONVERSION = YES;
				CLANG_WARN_COMMA = YES;
				CLANG_WARN_CONSTANT_CONVERSION = YES;
				CLANG_WARN_DEPRECATED_OBJC_IMPLEMENTATIONS = YES;
				CLANG_WARN_DIRECT_OBJC_ISA_USAGE = YES_ERROR;
				CLANG_WARN_DOCUMENTATION_COMMENTS = YES;
				CLANG_WARN_EMPTY_BODY = YES;
				CLANG_WARN_ENUM_CONVERSION = YES;
				CLANG_WARN_INFINITE_RECURSION = YES;
				CLANG_WARN_INT_CONVERSION = YES;
				CLANG_WARN_NON_LITERAL_NULL_CONVERSION = YES;
				CLANG_WARN_OBJC_IMPLICIT_RETAIN_SELF = YES;
				CLANG_WARN_OBJC_LITERAL_CONVERSION = YES;
				CLANG_WARN_OBJC_ROOT_CLASS = YES_ERROR;
				CLANG_WARN_QUOTED_INCLUDE_IN_FRAMEWORK_HEADER = YES;
				CLANG_WARN_RANGE_LOOP_ANALYSIS = YES;
				CLANG_WARN_STRICT_PROTOTYPES = YES;
				CLANG_WARN_SUSPICIOUS_MOVE = YES;
				CLANG_WARN_UNGUARDED_AVAILABILITY = YES_AGGRESSIVE;
				CLANG_WARN_UNREACHABLE_CODE = YES;
				CLANG_WARN__DUPLICATE_METHOD_MATCH = YES;
				COPY_PHASE_STRIP = NO;
				DEAD_CODE_STRIPPING = YES;
				DEBUG_INFORMATION_FORMAT = dwarf;
				DEVELOPMENT_TEAM = 87KNVHZ8C7;
				ENABLE_STRICT_OBJC_MSGSEND = YES;
				ENABLE_TESTABILITY = YES;
				ENABLE_USER_SCRIPT_SANDBOXING = YES;
				GCC_C_LANGUAGE_STANDARD = gnu17;
				GCC_DYNAMIC_NO_PIC = NO;
				GCC_NO_COMMON_BLOCKS = YES;
				GCC_OPTIMIZATION_LEVEL = 0;
				GCC_PREPROCESSOR_DEFINITIONS = (
					"DEBUG=1",
					"$(inherited)",
				);
				GCC_WARN_64_TO_32_BIT_CONVERSION = YES;
				GCC_WARN_ABOUT_RETURN_TYPE = YES_ERROR;
				GCC_WARN_UNDECLARED_SELECTOR = YES;
				GCC_WARN_UNINITIALIZED_AUTOS = YES_AGGRESSIVE;
				GCC_WARN_UNUSED_FUNCTION = YES;
				GCC_WARN_UNUSED_VARIABLE = YES;
				LOCALIZATION_PREFERS_STRING_CATALOGS = YES;
				MTL_ENABLE_DEBUG_INFO = INCLUDE_SOURCE;
				MTL_FAST_MATH = YES;
				ONLY_ACTIVE_ARCH = YES;
				STRING_CATALOG_GENERATE_SYMBOLS = YES;
				SWIFT_ACTIVE_COMPILATION_CONDITIONS = "DEBUG $(inherited)";
				SWIFT_OPTIMIZATION_LEVEL = "-Onone";
			};
			name = Debug;
		};
		A3ECEDBF2D6A841E00E56665 /* Release */ = {
			isa = XCBuildConfiguration;
			buildSettings = {
				ALWAYS_SEARCH_USER_PATHS = NO;
				ASSETCATALOG_COMPILER_GENERATE_SWIFT_ASSET_SYMBOL_EXTENSIONS = YES;
				CLANG_ANALYZER_NONNULL = YES;
				CLANG_ANALYZER_NUMBER_OBJECT_CONVERSION = YES_AGGRESSIVE;
				CLANG_CXX_LANGUAGE_STANDARD = "gnu++20";
				CLANG_ENABLE_MODULES = YES;
				CLANG_ENABLE_OBJC_ARC = YES;
				CLANG_ENABLE_OBJC_WEAK = YES;
				CLANG_WARN_BLOCK_CAPTURE_AUTORELEASING = YES;
				CLANG_WARN_BOOL_CONVERSION = YES;
				CLANG_WARN_COMMA = YES;
				CLANG_WARN_CONSTANT_CONVERSION = YES;
				CLANG_WARN_DEPRECATED_OBJC_IMPLEMENTATIONS = YES;
				CLANG_WARN_DIRECT_OBJC_ISA_USAGE = YES_ERROR;
				CLANG_WARN_DOCUMENTATION_COMMENTS = YES;
				CLANG_WARN_EMPTY_BODY = YES;
				CLANG_WARN_ENUM_CONVERSION = YES;
				CLANG_WARN_INFINITE_RECURSION = YES;
				CLANG_WARN_INT_CONVERSION = YES;
				CLANG_WARN_NON_LITERAL_NULL_CONVERSION = YES;
				CLANG_WARN_OBJC_IMPLICIT_RETAIN_SELF = YES;
				CLANG_WARN_OBJC_LITERAL_CONVERSION = YES;
				CLANG_WARN_OBJC_ROOT_CLASS = YES_ERROR;
				CLANG_WARN_QUOTED_INCLUDE_IN_FRAMEWORK_HEADER = YES;
				CLANG_WARN_RANGE_LOOP_ANALYSIS = YES;
				CLANG_WARN_STRICT_PROTOTYPES = YES;
				CLANG_WARN_SUSPICIOUS_MOVE = YES;
				CLANG_WARN_UNGUARDED_AVAILABILITY = YES_AGGRESSIVE;
				CLANG_WARN_UNREACHABLE_CODE = YES;
				CLANG_WARN__DUPLICATE_METHOD_MATCH = YES;
				COPY_PHASE_STRIP = NO;
				DEAD_CODE_STRIPPING = YES;
				DEBUG_INFORMATION_FORMAT = "dwarf-with-dsym";
				DEVELOPMENT_TEAM = 87KNVHZ8C7;
				ENABLE_NS_ASSERTIONS = NO;
				ENABLE_STRICT_OBJC_MSGSEND = YES;
				ENABLE_USER_SCRIPT_SANDBOXING = YES;
				GCC_C_LANGUAGE_STANDARD = gnu17;
				GCC_NO_COMMON_BLOCKS = YES;
				GCC_WARN_64_TO_32_BIT_CONVERSION = YES;
				GCC_WARN_ABOUT_RETURN_TYPE = YES_ERROR;
				GCC_WARN_UNDECLARED_SELECTOR = YES;
				GCC_WARN_UNINITIALIZED_AUTOS = YES_AGGRESSIVE;
				GCC_WARN_UNUSED_FUNCTION = YES;
				GCC_WARN_UNUSED_VARIABLE = YES;
				LOCALIZATION_PREFERS_STRING_CATALOGS = YES;
				MTL_ENABLE_DEBUG_INFO = NO;
				MTL_FAST_MATH = YES;
				STRING_CATALOG_GENERATE_SYMBOLS = YES;
				SWIFT_COMPILATION_MODE = wholemodule;
			};
			name = Release;
		};
		A3ECEDC12D6A841E00E56665 /* Debug */ = {
			isa = XCBuildConfiguration;
			buildSettings = {
				ASSETCATALOG_COMPILER_APPICON_NAME = AppIcon;
				ASSETCATALOG_COMPILER_GLOBAL_ACCENT_COLOR_NAME = AccentColor;
				CLANG_ENABLE_MODULES = YES;
				CODE_SIGN_ENTITLEMENTS = FlowKitController.entitlements;
				CODE_SIGN_STYLE = Automatic;
				CURRENT_PROJECT_VERSION = 1;
				DEAD_CODE_STRIPPING = YES;
				DEVELOPMENT_ASSET_PATHS = "\"Preview Content\"";
				ENABLE_APP_SANDBOX = YES;
				ENABLE_HARDENED_RUNTIME = YES;
				ENABLE_OUTGOING_NETWORK_CONNECTIONS = YES;
				ENABLE_PREVIEWS = YES;
				ENABLE_USER_SELECTED_FILES = readonly;
				GENERATE_INFOPLIST_FILE = YES;
				INFOPLIST_FILE = "FlowKit Controller-Info.plist";
				INFOPLIST_KEY_CFBundleDisplayName = "";
				INFOPLIST_KEY_ITSAppUsesNonExemptEncryption = NO;
				INFOPLIST_KEY_LSApplicationCategoryType = "public.app-category.productivity";
				INFOPLIST_KEY_NSHomeKitUsageDescription = "Access HomeKit";
				INFOPLIST_KEY_NSSupportsLiveActivities = YES;
				INFOPLIST_KEY_NSSupportsLiveActivitiesFrequentUpdates = YES;
				"INFOPLIST_KEY_UIApplicationSceneManifest_Generation[sdk=iphoneos*]" = YES;
				"INFOPLIST_KEY_UIApplicationSceneManifest_Generation[sdk=iphonesimulator*]" = YES;
				"INFOPLIST_KEY_UIApplicationSupportsIndirectInputEvents[sdk=iphoneos*]" = YES;
				"INFOPLIST_KEY_UIApplicationSupportsIndirectInputEvents[sdk=iphonesimulator*]" = YES;
				"INFOPLIST_KEY_UILaunchScreen_Generation[sdk=iphoneos*]" = YES;
				"INFOPLIST_KEY_UILaunchScreen_Generation[sdk=iphonesimulator*]" = YES;
				"INFOPLIST_KEY_UIStatusBarStyle[sdk=iphoneos*]" = UIStatusBarStyleDefault;
				"INFOPLIST_KEY_UIStatusBarStyle[sdk=iphonesimulator*]" = UIStatusBarStyleDefault;
				INFOPLIST_KEY_UISupportedInterfaceOrientations_iPad = "UIInterfaceOrientationPortrait UIInterfaceOrientationPortraitUpsideDown UIInterfaceOrientationLandscapeLeft UIInterfaceOrientationLandscapeRight";
				INFOPLIST_KEY_UISupportedInterfaceOrientations_iPhone = "UIInterfaceOrientationPortrait UIInterfaceOrientationLandscapeLeft UIInterfaceOrientationLandscapeRight";
				IPHONEOS_DEPLOYMENT_TARGET = 18.2;
				LD_RUNPATH_SEARCH_PATHS = "@executable_path/Frameworks";
				"LD_RUNPATH_SEARCH_PATHS[sdk=macosx*]" = "@executable_path/../Frameworks";
				MACOSX_DEPLOYMENT_TARGET = 15.2;
				MARKETING_VERSION = 1.0.0;
				PRODUCT_BUNDLE_IDENTIFIER = de.juliankahnert.HomeAutomation;
				PRODUCT_NAME = "$(TARGET_NAME)";
				SDKROOT = auto;
				SUPPORTED_PLATFORMS = "iphoneos iphonesimulator macosx xros xrsimulator";
				SWIFT_EMIT_LOC_STRINGS = YES;
				SWIFT_OPTIMIZATION_LEVEL = "-Onone";
				SWIFT_VERSION = 5.0;
				TARGETED_DEVICE_FAMILY = "1,2,7";
				XROS_DEPLOYMENT_TARGET = 2.2;
			};
			name = Debug;
		};
		A3ECEDC22D6A841E00E56665 /* Release */ = {
			isa = XCBuildConfiguration;
			buildSettings = {
				ASSETCATALOG_COMPILER_APPICON_NAME = AppIcon;
				ASSETCATALOG_COMPILER_GLOBAL_ACCENT_COLOR_NAME = AccentColor;
				CLANG_ENABLE_MODULES = YES;
				CODE_SIGN_ENTITLEMENTS = FlowKitController.entitlements;
				CODE_SIGN_STYLE = Automatic;
				CURRENT_PROJECT_VERSION = 1;
				DEAD_CODE_STRIPPING = YES;
				DEVELOPMENT_ASSET_PATHS = "\"Preview Content\"";
				ENABLE_APP_SANDBOX = YES;
				ENABLE_HARDENED_RUNTIME = YES;
				ENABLE_OUTGOING_NETWORK_CONNECTIONS = YES;
				ENABLE_PREVIEWS = YES;
				ENABLE_USER_SELECTED_FILES = readonly;
				GENERATE_INFOPLIST_FILE = YES;
				INFOPLIST_FILE = "FlowKit Controller-Info.plist";
				INFOPLIST_KEY_CFBundleDisplayName = "";
				INFOPLIST_KEY_ITSAppUsesNonExemptEncryption = NO;
				INFOPLIST_KEY_LSApplicationCategoryType = "public.app-category.productivity";
				INFOPLIST_KEY_NSHomeKitUsageDescription = "Access HomeKit";
				INFOPLIST_KEY_NSSupportsLiveActivities = YES;
				INFOPLIST_KEY_NSSupportsLiveActivitiesFrequentUpdates = YES;
				"INFOPLIST_KEY_UIApplicationSceneManifest_Generation[sdk=iphoneos*]" = YES;
				"INFOPLIST_KEY_UIApplicationSceneManifest_Generation[sdk=iphonesimulator*]" = YES;
				"INFOPLIST_KEY_UIApplicationSupportsIndirectInputEvents[sdk=iphoneos*]" = YES;
				"INFOPLIST_KEY_UIApplicationSupportsIndirectInputEvents[sdk=iphonesimulator*]" = YES;
				"INFOPLIST_KEY_UILaunchScreen_Generation[sdk=iphoneos*]" = YES;
				"INFOPLIST_KEY_UILaunchScreen_Generation[sdk=iphonesimulator*]" = YES;
				"INFOPLIST_KEY_UIStatusBarStyle[sdk=iphoneos*]" = UIStatusBarStyleDefault;
				"INFOPLIST_KEY_UIStatusBarStyle[sdk=iphonesimulator*]" = UIStatusBarStyleDefault;
				INFOPLIST_KEY_UISupportedInterfaceOrientations_iPad = "UIInterfaceOrientationPortrait UIInterfaceOrientationPortraitUpsideDown UIInterfaceOrientationLandscapeLeft UIInterfaceOrientationLandscapeRight";
				INFOPLIST_KEY_UISupportedInterfaceOrientations_iPhone = "UIInterfaceOrientationPortrait UIInterfaceOrientationLandscapeLeft UIInterfaceOrientationLandscapeRight";
				IPHONEOS_DEPLOYMENT_TARGET = 18.2;
				LD_RUNPATH_SEARCH_PATHS = "@executable_path/Frameworks";
				"LD_RUNPATH_SEARCH_PATHS[sdk=macosx*]" = "@executable_path/../Frameworks";
				MACOSX_DEPLOYMENT_TARGET = 15.2;
				MARKETING_VERSION = 1.0.0;
				PRODUCT_BUNDLE_IDENTIFIER = de.juliankahnert.HomeAutomation;
				PRODUCT_NAME = "$(TARGET_NAME)";
				SDKROOT = auto;
				SUPPORTED_PLATFORMS = "iphoneos iphonesimulator macosx xros xrsimulator";
				SWIFT_EMIT_LOC_STRINGS = YES;
				SWIFT_VERSION = 5.0;
				TARGETED_DEVICE_FAMILY = "1,2,7";
				XROS_DEPLOYMENT_TARGET = 2.2;
			};
			name = Release;
		};
/* End XCBuildConfiguration section */

/* Begin XCConfigurationList section */
		A3BA516E2D798A6A002DD924 /* Build configuration list for PBXNativeTarget "FlowKit Controller WidgetExtensionExtension" */ = {
			isa = XCConfigurationList;
			buildConfigurations = (
				A3BA516F2D798A6A002DD924 /* Debug */,
				A3BA51702D798A6A002DD924 /* Release */,
			);
			defaultConfigurationIsVisible = 0;
			defaultConfigurationName = Release;
		};
		A3ECEDAC2D6A841D00E56665 /* Build configuration list for PBXProject "FlowKit Controller" */ = {
			isa = XCConfigurationList;
			buildConfigurations = (
				A3ECEDBE2D6A841E00E56665 /* Debug */,
				A3ECEDBF2D6A841E00E56665 /* Release */,
			);
			defaultConfigurationIsVisible = 0;
			defaultConfigurationName = Release;
		};
		A3ECEDC02D6A841E00E56665 /* Build configuration list for PBXNativeTarget "FlowKit Controller" */ = {
			isa = XCConfigurationList;
			buildConfigurations = (
				A3ECEDC12D6A841E00E56665 /* Debug */,
				A3ECEDC22D6A841E00E56665 /* Release */,
			);
			defaultConfigurationIsVisible = 0;
			defaultConfigurationName = Release;
		};
/* End XCConfigurationList section */

/* Begin XCLocalSwiftPackageReference section */
		A3E34F242D7B1E87002B0C63 /* XCLocalSwiftPackageReference "../.." */ = {
			isa = XCLocalSwiftPackageReference;
			relativePath = ../..;
		};
/* End XCLocalSwiftPackageReference section */

/* Begin XCRemoteSwiftPackageReference section */
		A3BA51462D78D0EC002DD924 /* XCRemoteSwiftPackageReference "swift-log" */ = {
			isa = XCRemoteSwiftPackageReference;
			repositoryURL = "https://github.com/apple/swift-log";
			requirement = {
				kind = upToNextMajorVersion;
				minimumVersion = 1.6.2;
			};
		};
		A3E34F1F2D7B1DDC002B0C63 /* XCRemoteSwiftPackageReference "swift-log-oslog" */ = {
			isa = XCRemoteSwiftPackageReference;
			repositoryURL = "https://github.com/chrisaljoudi/swift-log-oslog";
			requirement = {
				kind = upToNextMajorVersion;
				minimumVersion = 0.2.2;
			};
		};
/* End XCRemoteSwiftPackageReference section */

/* Begin XCSwiftPackageProductDependency section */
		A3BA51472D78D0EC002DD924 /* Logging */ = {
			isa = XCSwiftPackageProductDependency;
			package = A3BA51462D78D0EC002DD924 /* XCRemoteSwiftPackageReference "swift-log" */;
			productName = Logging;
		};
		A3E34F202D7B1DDC002B0C63 /* LoggingOSLog */ = {
			isa = XCSwiftPackageProductDependency;
			package = A3E34F1F2D7B1DDC002B0C63 /* XCRemoteSwiftPackageReference "swift-log-oslog" */;
			productName = LoggingOSLog;
		};
		A3E34F252D7B1E87002B0C63 /* HomeAutomationKit */ = {
			isa = XCSwiftPackageProductDependency;
			productName = HomeAutomationKit;
		};
		A3E34F272D7B1E9D002B0C63 /* HomeAutomationKit */ = {
			isa = XCSwiftPackageProductDependency;
			package = A3E34F242D7B1E87002B0C63 /* XCLocalSwiftPackageReference "../.." */;
			productName = HomeAutomationKit;
		};
		A3F9BC7F2D6FA547002298ED /* HomeAutomationKit */ = {
			isa = XCSwiftPackageProductDependency;
			productName = HomeAutomationKit;
		};
/* End XCSwiftPackageProductDependency section */
	};
	rootObject = A3ECEDA92D6A841D00E56665 /* Project object */;
}
